// !$*UTF8*$!
{
	archiveVersion = 1;
	classes = {
	};
	objectVersion = 50;
	objects = {

/* Begin PBXBuildFile section */
		C02F551725C0C63B00B141B5 /* AppDelegate.swift in Sources */ = {isa = PBXBuildFile; fileRef = C02F551625C0C63B00B141B5 /* AppDelegate.swift */; };
		C02F551925C0C63B00B141B5 /* SceneDelegate.swift in Sources */ = {isa = PBXBuildFile; fileRef = C02F551825C0C63B00B141B5 /* SceneDelegate.swift */; };
		C02F551B25C0C63B00B141B5 /* ContentView.swift in Sources */ = {isa = PBXBuildFile; fileRef = C02F551A25C0C63B00B141B5 /* ContentView.swift */; };
		C02F551E25C0C63B00B141B5 /* VibeCheck_SwiftUI.xcdatamodeld in Sources */ = {isa = PBXBuildFile; fileRef = C02F551C25C0C63B00B141B5 /* VibeCheck_SwiftUI.xcdatamodeld */; };
		C02F552025C0C63D00B141B5 /* Assets.xcassets in Resources */ = {isa = PBXBuildFile; fileRef = C02F551F25C0C63D00B141B5 /* Assets.xcassets */; };
		C02F552325C0C63D00B141B5 /* Preview Assets.xcassets in Resources */ = {isa = PBXBuildFile; fileRef = C02F552225C0C63D00B141B5 /* Preview Assets.xcassets */; };
		C02F552625C0C63D00B141B5 /* LaunchScreen.storyboard in Resources */ = {isa = PBXBuildFile; fileRef = C02F552425C0C63D00B141B5 /* LaunchScreen.storyboard */; };
		C02F553125C0C7C100B141B5 /* HomeView.swift in Sources */ = {isa = PBXBuildFile; fileRef = C02F553025C0C7C100B141B5 /* HomeView.swift */; };
		C02F553425C0C80D00B141B5 /* HomeViewModel.swift in Sources */ = {isa = PBXBuildFile; fileRef = C02F553325C0C80D00B141B5 /* HomeViewModel.swift */; };
		C02F553725C0CB5600B141B5 /* NewDataView.swift in Sources */ = {isa = PBXBuildFile; fileRef = C02F553625C0CB5600B141B5 /* NewDataView.swift */; };
		C065237325C0FB40007B9EF6 /* DateButtonView.swift in Sources */ = {isa = PBXBuildFile; fileRef = C065237225C0FB40007B9EF6 /* DateButtonView.swift */; };
/* End PBXBuildFile section */

/* Begin PBXFileReference section */
		C02F551325C0C63B00B141B5 /* VibeCheck-SwiftUI.app */ = {isa = PBXFileReference; explicitFileType = wrapper.application; includeInIndex = 0; path = "VibeCheck-SwiftUI.app"; sourceTree = BUILT_PRODUCTS_DIR; };
		C02F551625C0C63B00B141B5 /* AppDelegate.swift */ = {isa = PBXFileReference; lastKnownFileType = sourcecode.swift; path = AppDelegate.swift; sourceTree = "<group>"; };
		C02F551825C0C63B00B141B5 /* SceneDelegate.swift */ = {isa = PBXFileReference; lastKnownFileType = sourcecode.swift; path = SceneDelegate.swift; sourceTree = "<group>"; };
		C02F551A25C0C63B00B141B5 /* ContentView.swift */ = {isa = PBXFileReference; lastKnownFileType = sourcecode.swift; path = ContentView.swift; sourceTree = "<group>"; };
		C02F551D25C0C63B00B141B5 /* VibeCheck_SwiftUI.xcdatamodel */ = {isa = PBXFileReference; lastKnownFileType = wrapper.xcdatamodel; path = VibeCheck_SwiftUI.xcdatamodel; sourceTree = "<group>"; };
		C02F551F25C0C63D00B141B5 /* Assets.xcassets */ = {isa = PBXFileReference; lastKnownFileType = folder.assetcatalog; path = Assets.xcassets; sourceTree = "<group>"; };
		C02F552225C0C63D00B141B5 /* Preview Assets.xcassets */ = {isa = PBXFileReference; lastKnownFileType = folder.assetcatalog; path = "Preview Assets.xcassets"; sourceTree = "<group>"; };
		C02F552525C0C63D00B141B5 /* Base */ = {isa = PBXFileReference; lastKnownFileType = file.storyboard; name = Base; path = Base.lproj/LaunchScreen.storyboard; sourceTree = "<group>"; };
		C02F552725C0C63D00B141B5 /* Info.plist */ = {isa = PBXFileReference; lastKnownFileType = text.plist.xml; path = Info.plist; sourceTree = "<group>"; };
		C02F553025C0C7C100B141B5 /* HomeView.swift */ = {isa = PBXFileReference; lastKnownFileType = sourcecode.swift; path = HomeView.swift; sourceTree = "<group>"; };
		C02F553325C0C80D00B141B5 /* HomeViewModel.swift */ = {isa = PBXFileReference; lastKnownFileType = sourcecode.swift; path = HomeViewModel.swift; sourceTree = "<group>"; };
		C02F553625C0CB5600B141B5 /* NewDataView.swift */ = {isa = PBXFileReference; lastKnownFileType = sourcecode.swift; path = NewDataView.swift; sourceTree = "<group>"; };
		C065237225C0FB40007B9EF6 /* DateButtonView.swift */ = {isa = PBXFileReference; lastKnownFileType = sourcecode.swift; path = DateButtonView.swift; sourceTree = "<group>"; };
/* End PBXFileReference section */

/* Begin PBXFrameworksBuildPhase section */
		C02F551025C0C63B00B141B5 /* Frameworks */ = {
			isa = PBXFrameworksBuildPhase;
			buildActionMask = 2147483647;
			files = (
			);
			runOnlyForDeploymentPostprocessing = 0;
		};
/* End PBXFrameworksBuildPhase section */

/* Begin PBXGroup section */
		C02F550A25C0C63B00B141B5 = {
			isa = PBXGroup;
			children = (
				C02F551525C0C63B00B141B5 /* VibeCheck-SwiftUI */,
				C02F551425C0C63B00B141B5 /* Products */,
			);
			sourceTree = "<group>";
		};
		C02F551425C0C63B00B141B5 /* Products */ = {
			isa = PBXGroup;
			children = (
				C02F551325C0C63B00B141B5 /* VibeCheck-SwiftUI.app */,
			);
			name = Products;
			sourceTree = "<group>";
		};
		C02F551525C0C63B00B141B5 /* VibeCheck-SwiftUI */ = {
			isa = PBXGroup;
			children = (
				C02F551625C0C63B00B141B5 /* AppDelegate.swift */,
				C02F553325C0C80D00B141B5 /* HomeViewModel.swift */,
				C02F551825C0C63B00B141B5 /* SceneDelegate.swift */,
				C02F552E25C0C7A000B141B5 /* View */,
				C02F551F25C0C63D00B141B5 /* Assets.xcassets */,
				C02F552425C0C63D00B141B5 /* LaunchScreen.storyboard */,
				C02F552725C0C63D00B141B5 /* Info.plist */,
				C02F551C25C0C63B00B141B5 /* VibeCheck_SwiftUI.xcdatamodeld */,
				C02F552125C0C63D00B141B5 /* Preview Content */,
			);
			path = "VibeCheck-SwiftUI";
			sourceTree = "<group>";
		};
		C02F552125C0C63D00B141B5 /* Preview Content */ = {
			isa = PBXGroup;
			children = (
				C02F552225C0C63D00B141B5 /* Preview Assets.xcassets */,
			);
			path = "Preview Content";
			sourceTree = "<group>";
		};
		C02F552E25C0C7A000B141B5 /* View */ = {
			isa = PBXGroup;
			children = (
				C02F551A25C0C63B00B141B5 /* ContentView.swift */,
				C02F553625C0CB5600B141B5 /* NewDataView.swift */,
				C065237225C0FB40007B9EF6 /* DateButtonView.swift */,
				C02F553025C0C7C100B141B5 /* HomeView.swift */,
			);
			path = View;
			sourceTree = "<group>";
		};
/* End PBXGroup section */

/* Begin PBXNativeTarget section */
		C02F551225C0C63B00B141B5 /* VibeCheck-SwiftUI */ = {
			isa = PBXNativeTarget;
			buildConfigurationList = C02F552A25C0C63D00B141B5 /* Build configuration list for PBXNativeTarget "VibeCheck-SwiftUI" */;
			buildPhases = (
				C02F550F25C0C63B00B141B5 /* Sources */,
				C02F551025C0C63B00B141B5 /* Frameworks */,
				C02F551125C0C63B00B141B5 /* Resources */,
			);
			buildRules = (
			);
			dependencies = (
			);
			name = "VibeCheck-SwiftUI";
			productName = "VibeCheck-SwiftUI";
			productReference = C02F551325C0C63B00B141B5 /* VibeCheck-SwiftUI.app */;
			productType = "com.apple.product-type.application";
		};
/* End PBXNativeTarget section */

/* Begin PBXProject section */
		C02F550B25C0C63B00B141B5 /* Project object */ = {
			isa = PBXProject;
			attributes = {
				LastSwiftUpdateCheck = 1230;
				LastUpgradeCheck = 1230;
				TargetAttributes = {
					C02F551225C0C63B00B141B5 = {
						CreatedOnToolsVersion = 12.3;
					};
				};
			};
			buildConfigurationList = C02F550E25C0C63B00B141B5 /* Build configuration list for PBXProject "VibeCheck-SwiftUI" */;
			compatibilityVersion = "Xcode 9.3";
			developmentRegion = en;
			hasScannedForEncodings = 0;
			knownRegions = (
				en,
				Base,
			);
			mainGroup = C02F550A25C0C63B00B141B5;
			productRefGroup = C02F551425C0C63B00B141B5 /* Products */;
			projectDirPath = "";
			projectRoot = "";
			targets = (
				C02F551225C0C63B00B141B5 /* VibeCheck-SwiftUI */,
			);
		};
/* End PBXProject section */

/* Begin PBXResourcesBuildPhase section */
		C02F551125C0C63B00B141B5 /* Resources */ = {
			isa = PBXResourcesBuildPhase;
			buildActionMask = 2147483647;
			files = (
				C02F552625C0C63D00B141B5 /* LaunchScreen.storyboard in Resources */,
				C02F552325C0C63D00B141B5 /* Preview Assets.xcassets in Resources */,
				C02F552025C0C63D00B141B5 /* Assets.xcassets in Resources */,
			);
			runOnlyForDeploymentPostprocessing = 0;
		};
/* End PBXResourcesBuildPhase section */

/* Begin PBXSourcesBuildPhase section */
		C02F550F25C0C63B00B141B5 /* Sources */ = {
			isa = PBXSourcesBuildPhase;
			buildActionMask = 2147483647;
			files = (
				C02F551E25C0C63B00B141B5 /* VibeCheck_SwiftUI.xcdatamodeld in Sources */,
				C02F553425C0C80D00B141B5 /* HomeViewModel.swift in Sources */,
				C02F551725C0C63B00B141B5 /* AppDelegate.swift in Sources */,
				C02F551925C0C63B00B141B5 /* SceneDelegate.swift in Sources */,
				C065237325C0FB40007B9EF6 /* DateButtonView.swift in Sources */,
				C02F553125C0C7C100B141B5 /* HomeView.swift in Sources */,
				C02F551B25C0C63B00B141B5 /* ContentView.swift in Sources */,
				C02F553725C0CB5600B141B5 /* NewDataView.swift in Sources */,
			);
			runOnlyForDeploymentPostprocessing = 0;
		};
/* End PBXSourcesBuildPhase section */

/* Begin PBXVariantGroup section */
		C02F552425C0C63D00B141B5 /* LaunchScreen.storyboard */ = {
			isa = PBXVariantGroup;
			children = (
				C02F552525C0C63D00B141B5 /* Base */,
			);
			name = LaunchScreen.storyboard;
			sourceTree = "<group>";
		};
/* End PBXVariantGroup section */

/* Begin XCBuildConfiguration section */
		C02F552825C0C63D00B141B5 /* Debug */ = {
			isa = XCBuildConfiguration;
			buildSettings = {
				ALWAYS_SEARCH_USER_PATHS = NO;
				CLANG_ANALYZER_NONNULL = YES;
				CLANG_ANALYZER_NUMBER_OBJECT_CONVERSION = YES_AGGRESSIVE;
				CLANG_CXX_LANGUAGE_STANDARD = "gnu++14";
				CLANG_CXX_LIBRARY = "libc++";
				CLANG_ENABLE_MODULES = YES;
				CLANG_ENABLE_OBJC_ARC = YES;
				CLANG_ENABLE_OBJC_WEAK = YES;
				CLANG_WARN_BLOCK_CAPTURE_AUTORELEASING = YES;
				CLANG_WARN_BOOL_CONVERSION = YES;
				CLANG_WARN_COMMA = YES;
				CLANG_WARN_CONSTANT_CONVERSION = YES;
				CLANG_WARN_DEPRECATED_OBJC_IMPLEMENTATIONS = YES;
				CLANG_WARN_DIRECT_OBJC_ISA_USAGE = YES_ERROR;
				CLANG_WARN_DOCUMENTATION_COMMENTS = YES;
				CLANG_WARN_EMPTY_BODY = YES;
				CLANG_WARN_ENUM_CONVERSION = YES;
				CLANG_WARN_INFINITE_RECURSION = YES;
				CLANG_WARN_INT_CONVERSION = YES;
				CLANG_WARN_NON_LITERAL_NULL_CONVERSION = YES;
				CLANG_WARN_OBJC_IMPLICIT_RETAIN_SELF = YES;
				CLANG_WARN_OBJC_LITERAL_CONVERSION = YES;
				CLANG_WARN_OBJC_ROOT_CLASS = YES_ERROR;
				CLANG_WARN_QUOTED_INCLUDE_IN_FRAMEWORK_HEADER = YES;
				CLANG_WARN_RANGE_LOOP_ANALYSIS = YES;
				CLANG_WARN_STRICT_PROTOTYPES = YES;
				CLANG_WARN_SUSPICIOUS_MOVE = YES;
				CLANG_WARN_UNGUARDED_AVAILABILITY = YES_AGGRESSIVE;
				CLANG_WARN_UNREACHABLE_CODE = YES;
				CLANG_WARN__DUPLICATE_METHOD_MATCH = YES;
				COPY_PHASE_STRIP = NO;
				DEBUG_INFORMATION_FORMAT = dwarf;
				ENABLE_STRICT_OBJC_MSGSEND = YES;
				ENABLE_TESTABILITY = YES;
				GCC_C_LANGUAGE_STANDARD = gnu11;
				GCC_DYNAMIC_NO_PIC = NO;
				GCC_NO_COMMON_BLOCKS = YES;
				GCC_OPTIMIZATION_LEVEL = 0;
				GCC_PREPROCESSOR_DEFINITIONS = (
					"DEBUG=1",
					"$(inherited)",
				);
				GCC_WARN_64_TO_32_BIT_CONVERSION = YES;
				GCC_WARN_ABOUT_RETURN_TYPE = YES_ERROR;
				GCC_WARN_UNDECLARED_SELECTOR = YES;
				GCC_WARN_UNINITIALIZED_AUTOS = YES_AGGRESSIVE;
				GCC_WARN_UNUSED_FUNCTION = YES;
				GCC_WARN_UNUSED_VARIABLE = YES;
				IPHONEOS_DEPLOYMENT_TARGET = 14.3;
				MTL_ENABLE_DEBUG_INFO = INCLUDE_SOURCE;
				MTL_FAST_MATH = YES;
				ONLY_ACTIVE_ARCH = YES;
				SDKROOT = iphoneos;
				SWIFT_ACTIVE_COMPILATION_CONDITIONS = DEBUG;
				SWIFT_OPTIMIZATION_LEVEL = "-Onone";
			};
			name = Debug;
		};
		C02F552925C0C63D00B141B5 /* Release */ = {
			isa = XCBuildConfiguration;
			buildSettings = {
				ALWAYS_SEARCH_USER_PATHS = NO;
				CLANG_ANALYZER_NONNULL = YES;
				CLANG_ANALYZER_NUMBER_OBJECT_CONVERSION = YES_AGGRESSIVE;
				CLANG_CXX_LANGUAGE_STANDARD = "gnu++14";
				CLANG_CXX_LIBRARY = "libc++";
				CLANG_ENABLE_MODULES = YES;
				CLANG_ENABLE_OBJC_ARC = YES;
				CLANG_ENABLE_OBJC_WEAK = YES;
				CLANG_WARN_BLOCK_CAPTURE_AUTORELEASING = YES;
				CLANG_WARN_BOOL_CONVERSION = YES;
				CLANG_WARN_COMMA = YES;
				CLANG_WARN_CONSTANT_CONVERSION = YES;
				CLANG_WARN_DEPRECATED_OBJC_IMPLEMENTATIONS = YES;
				CLANG_WARN_DIRECT_OBJC_ISA_USAGE = YES_ERROR;
				CLANG_WARN_DOCUMENTATION_COMMENTS = YES;
				CLANG_WARN_EMPTY_BODY = YES;
				CLANG_WARN_ENUM_CONVERSION = YES;
				CLANG_WARN_INFINITE_RECURSION = YES;
				CLANG_WARN_INT_CONVERSION = YES;
				CLANG_WARN_NON_LITERAL_NULL_CONVERSION = YES;
				CLANG_WARN_OBJC_IMPLICIT_RETAIN_SELF = YES;
				CLANG_WARN_OBJC_LITERAL_CONVERSION = YES;
				CLANG_WARN_OBJC_ROOT_CLASS = YES_ERROR;
				CLANG_WARN_QUOTED_INCLUDE_IN_FRAMEWORK_HEADER = YES;
				CLANG_WARN_RANGE_LOOP_ANALYSIS = YES;
				CLANG_WARN_STRICT_PROTOTYPES = YES;
				CLANG_WARN_SUSPICIOUS_MOVE = YES;
				CLANG_WARN_UNGUARDED_AVAILABILITY = YES_AGGRESSIVE;
				CLANG_WARN_UNREACHABLE_CODE = YES;
				CLANG_WARN__DUPLICATE_METHOD_MATCH = YES;
				COPY_PHASE_STRIP = NO;
				DEBUG_INFORMATION_FORMAT = "dwarf-with-dsym";
				ENABLE_NS_ASSERTIONS = NO;
				ENABLE_STRICT_OBJC_MSGSEND = YES;
				GCC_C_LANGUAGE_STANDARD = gnu11;
				GCC_NO_COMMON_BLOCKS = YES;
				GCC_WARN_64_TO_32_BIT_CONVERSION = YES;
				GCC_WARN_ABOUT_RETURN_TYPE = YES_ERROR;
				GCC_WARN_UNDECLARED_SELECTOR = YES;
				GCC_WARN_UNINITIALIZED_AUTOS = YES_AGGRESSIVE;
				GCC_WARN_UNUSED_FUNCTION = YES;
				GCC_WARN_UNUSED_VARIABLE = YES;
				IPHONEOS_DEPLOYMENT_TARGET = 14.3;
				MTL_ENABLE_DEBUG_INFO = NO;
				MTL_FAST_MATH = YES;
				SDKROOT = iphoneos;
				SWIFT_COMPILATION_MODE = wholemodule;
				SWIFT_OPTIMIZATION_LEVEL = "-O";
				VALIDATE_PRODUCT = YES;
			};
			name = Release;
		};
		C02F552B25C0C63D00B141B5 /* Debug */ = {
			isa = XCBuildConfiguration;
			buildSettings = {
				ASSETCATALOG_COMPILER_APPICON_NAME = AppIcon;
				ASSETCATALOG_COMPILER_GLOBAL_ACCENT_COLOR_NAME = AccentColor;
				CODE_SIGN_STYLE = Automatic;
				DEVELOPMENT_ASSET_PATHS = "\"VibeCheck-SwiftUI/Preview Content\"";
				DEVELOPMENT_TEAM = WRC4QXXN5V;
				ENABLE_PREVIEWS = YES;
				INFOPLIST_FILE = "VibeCheck-SwiftUI/Info.plist";
				LD_RUNPATH_SEARCH_PATHS = (
					"$(inherited)",
					"@executable_path/Frameworks",
				);
				PRODUCT_BUNDLE_IDENTIFIER = "Marie.Kallop.VibeCheck-SwiftUI";
				PRODUCT_NAME = "$(TARGET_NAME)";
				SWIFT_VERSION = 5.0;
				TARGETED_DEVICE_FAMILY = "1,2";
			};
			name = Debug;
		};
		C02F552C25C0C63D00B141B5 /* Release */ = {
			isa = XCBuildConfiguration;
			buildSettings = {
				ASSETCATALOG_COMPILER_APPICON_NAME = AppIcon;
				ASSETCATALOG_COMPILER_GLOBAL_ACCENT_COLOR_NAME = AccentColor;
				CODE_SIGN_STYLE = Automatic;
				DEVELOPMENT_ASSET_PATHS = "\"VibeCheck-SwiftUI/Preview Content\"";
				DEVELOPMENT_TEAM = WRC4QXXN5V;
				ENABLE_PREVIEWS = YES;
				INFOPLIST_FILE = "VibeCheck-SwiftUI/Info.plist";
				LD_RUNPATH_SEARCH_PATHS = (
					"$(inherited)",
					"@executable_path/Frameworks",
				);
				PRODUCT_BUNDLE_IDENTIFIER = "Marie.Kallop.VibeCheck-SwiftUI";
				PRODUCT_NAME = "$(TARGET_NAME)";
				SWIFT_VERSION = 5.0;
				TARGETED_DEVICE_FAMILY = "1,2";
			};
			name = Release;
		};
/* End XCBuildConfiguration section */

/* Begin XCConfigurationList section */
		C02F550E25C0C63B00B141B5 /* Build configuration list for PBXProject "VibeCheck-SwiftUI" */ = {
			isa = XCConfigurationList;
			buildConfigurations = (
				C02F552825C0C63D00B141B5 /* Debug */,
				C02F552925C0C63D00B141B5 /* Release */,
			);
			defaultConfigurationIsVisible = 0;
			defaultConfigurationName = Release;
		};
		C02F552A25C0C63D00B141B5 /* Build configuration list for PBXNativeTarget "VibeCheck-SwiftUI" */ = {
			isa = XCConfigurationList;
			buildConfigurations = (
				C02F552B25C0C63D00B141B5 /* Debug */,
				C02F552C25C0C63D00B141B5 /* Release */,
			);
			defaultConfigurationIsVisible = 0;
			defaultConfigurationName = Release;
		};
/* End XCConfigurationList section */

/* Begin XCVersionGroup section */
		C02F551C25C0C63B00B141B5 /* VibeCheck_SwiftUI.xcdatamodeld */ = {
			isa = XCVersionGroup;
			children = (
				C02F551D25C0C63B00B141B5 /* VibeCheck_SwiftUI.xcdatamodel */,
			);
			currentVersion = C02F551D25C0C63B00B141B5 /* VibeCheck_SwiftUI.xcdatamodel */;
			path = VibeCheck_SwiftUI.xcdatamodeld;
			sourceTree = "<group>";
			versionGroupType = wrapper.xcdatamodel;
		};
/* End XCVersionGroup section */
	};
	rootObject = C02F550B25C0C63B00B141B5 /* Project object */;
}
